// !$*UTF8*$!
{
	archiveVersion = 1;
	classes = {
	};
	objectVersion = 55;
	objects = {

/* Begin PBXBuildFile section */
		50E5258328E7FBA100448557 /* main.cpp in Sources */ = {isa = PBXBuildFile; fileRef = 50E5258228E7FBA100448557 /* main.cpp */; };
		50E5258B28E7FBF400448557 /* Item2.cpp in Sources */ = {isa = PBXBuildFile; fileRef = 50E5258928E7FBF400448557 /* Item2.cpp */; };
		50E5259128E8359300448557 /* Item3.cpp in Sources */ = {isa = PBXBuildFile; fileRef = 50E5258F28E8359300448557 /* Item3.cpp */; };
		50E5259428E877D200448557 /* Item4.cpp in Sources */ = {isa = PBXBuildFile; fileRef = 50E5259228E877D200448557 /* Item4.cpp */; };
		50E5259728E8809600448557 /* Item5.cpp in Sources */ = {isa = PBXBuildFile; fileRef = 50E5259528E8809600448557 /* Item5.cpp */; };
		50E5259A28E8878C00448557 /* Item6.cpp in Sources */ = {isa = PBXBuildFile; fileRef = 50E5259828E8878C00448557 /* Item6.cpp */; };
		50E5259D28E9757200448557 /* Item7.cpp in Sources */ = {isa = PBXBuildFile; fileRef = 50E5259B28E9757200448557 /* Item7.cpp */; };
		50E525A028E9792E00448557 /* Item8.cpp in Sources */ = {isa = PBXBuildFile; fileRef = 50E5259E28E9792E00448557 /* Item8.cpp */; };
		50E525A328F0053700448557 /* Item9.cpp in Sources */ = {isa = PBXBuildFile; fileRef = 50E525A128F0053700448557 /* Item9.cpp */; };
		50E525A628F0556600448557 /* Item10.cpp in Sources */ = {isa = PBXBuildFile; fileRef = 50E525A428F0556600448557 /* Item10.cpp */; };
		50E525A928F057E700448557 /* Item11.cpp in Sources */ = {isa = PBXBuildFile; fileRef = 50E525A728F057E700448557 /* Item11.cpp */; };
		50E525AC28F05D9100448557 /* Item12.cpp in Sources */ = {isa = PBXBuildFile; fileRef = 50E525AA28F05D9100448557 /* Item12.cpp */; };
		50E525AF28F06AAC00448557 /* Item13.cpp in Sources */ = {isa = PBXBuildFile; fileRef = 50E525AD28F06AAC00448557 /* Item13.cpp */; };
/* End PBXBuildFile section */

/* Begin PBXCopyFilesBuildPhase section */
		50E5257D28E7FBA100448557 /* CopyFiles */ = {
			isa = PBXCopyFilesBuildPhase;
			buildActionMask = 2147483647;
			dstPath = /usr/share/man/man1/;
			dstSubfolderSpec = 0;
			files = (
			);
			runOnlyForDeploymentPostprocessing = 1;
		};
/* End PBXCopyFilesBuildPhase section */

/* Begin PBXFileReference section */
		50E5257F28E7FBA100448557 /* EffectiveCPP */ = {isa = PBXFileReference; explicitFileType = "compiled.mach-o.executable"; includeInIndex = 0; path = EffectiveCPP; sourceTree = BUILT_PRODUCTS_DIR; };
		50E5258228E7FBA100448557 /* main.cpp */ = {isa = PBXFileReference; lastKnownFileType = sourcecode.cpp.cpp; path = main.cpp; sourceTree = "<group>"; };
		50E5258928E7FBF400448557 /* Item2.cpp */ = {isa = PBXFileReference; lastKnownFileType = sourcecode.cpp.cpp; path = Item2.cpp; sourceTree = "<group>"; };
		50E5258A28E7FBF400448557 /* Item2.hpp */ = {isa = PBXFileReference; lastKnownFileType = sourcecode.cpp.h; path = Item2.hpp; sourceTree = "<group>"; };
		50E5258F28E8359300448557 /* Item3.cpp */ = {isa = PBXFileReference; lastKnownFileType = sourcecode.cpp.cpp; path = Item3.cpp; sourceTree = "<group>"; };
		50E5259028E8359300448557 /* Item3.hpp */ = {isa = PBXFileReference; lastKnownFileType = sourcecode.cpp.h; path = Item3.hpp; sourceTree = "<group>"; };
		50E5259228E877D200448557 /* Item4.cpp */ = {isa = PBXFileReference; lastKnownFileType = sourcecode.cpp.cpp; path = Item4.cpp; sourceTree = "<group>"; };
		50E5259328E877D200448557 /* Item4.hpp */ = {isa = PBXFileReference; lastKnownFileType = sourcecode.cpp.h; path = Item4.hpp; sourceTree = "<group>"; };
		50E5259528E8809600448557 /* Item5.cpp */ = {isa = PBXFileReference; lastKnownFileType = sourcecode.cpp.cpp; path = Item5.cpp; sourceTree = "<group>"; };
		50E5259628E8809600448557 /* Item5.hpp */ = {isa = PBXFileReference; lastKnownFileType = sourcecode.cpp.h; path = Item5.hpp; sourceTree = "<group>"; };
		50E5259828E8878C00448557 /* Item6.cpp */ = {isa = PBXFileReference; lastKnownFileType = sourcecode.cpp.cpp; path = Item6.cpp; sourceTree = "<group>"; };
		50E5259928E8878C00448557 /* Item6.hpp */ = {isa = PBXFileReference; lastKnownFileType = sourcecode.cpp.h; path = Item6.hpp; sourceTree = "<group>"; };
		50E5259B28E9757200448557 /* Item7.cpp */ = {isa = PBXFileReference; lastKnownFileType = sourcecode.cpp.cpp; path = Item7.cpp; sourceTree = "<group>"; };
		50E5259C28E9757200448557 /* Item7.hpp */ = {isa = PBXFileReference; lastKnownFileType = sourcecode.cpp.h; path = Item7.hpp; sourceTree = "<group>"; };
		50E5259E28E9792E00448557 /* Item8.cpp */ = {isa = PBXFileReference; lastKnownFileType = sourcecode.cpp.cpp; path = Item8.cpp; sourceTree = "<group>"; };
		50E5259F28E9792E00448557 /* Item8.hpp */ = {isa = PBXFileReference; lastKnownFileType = sourcecode.cpp.h; path = Item8.hpp; sourceTree = "<group>"; };
		50E525A128F0053700448557 /* Item9.cpp */ = {isa = PBXFileReference; lastKnownFileType = sourcecode.cpp.cpp; path = Item9.cpp; sourceTree = "<group>"; };
		50E525A228F0053700448557 /* Item9.hpp */ = {isa = PBXFileReference; lastKnownFileType = sourcecode.cpp.h; path = Item9.hpp; sourceTree = "<group>"; };
		50E525A428F0556600448557 /* Item10.cpp */ = {isa = PBXFileReference; lastKnownFileType = sourcecode.cpp.cpp; path = Item10.cpp; sourceTree = "<group>"; };
		50E525A528F0556600448557 /* Item10.hpp */ = {isa = PBXFileReference; lastKnownFileType = sourcecode.cpp.h; path = Item10.hpp; sourceTree = "<group>"; };
		50E525A728F057E700448557 /* Item11.cpp */ = {isa = PBXFileReference; lastKnownFileType = sourcecode.cpp.cpp; path = Item11.cpp; sourceTree = "<group>"; };
		50E525A828F057E700448557 /* Item11.hpp */ = {isa = PBXFileReference; lastKnownFileType = sourcecode.cpp.h; path = Item11.hpp; sourceTree = "<group>"; };
		50E525AA28F05D9100448557 /* Item12.cpp */ = {isa = PBXFileReference; lastKnownFileType = sourcecode.cpp.cpp; path = Item12.cpp; sourceTree = "<group>"; };
		50E525AB28F05D9100448557 /* Item12.hpp */ = {isa = PBXFileReference; lastKnownFileType = sourcecode.cpp.h; path = Item12.hpp; sourceTree = "<group>"; };
		50E525AD28F06AAC00448557 /* Item13.cpp */ = {isa = PBXFileReference; lastKnownFileType = sourcecode.cpp.cpp; path = Item13.cpp; sourceTree = "<group>"; };
		50E525AE28F06AAC00448557 /* Item13.hpp */ = {isa = PBXFileReference; lastKnownFileType = sourcecode.cpp.h; path = Item13.hpp; sourceTree = "<group>"; };
/* End PBXFileReference section */

/* Begin PBXFrameworksBuildPhase section */
		50E5257C28E7FBA100448557 /* Frameworks */ = {
			isa = PBXFrameworksBuildPhase;
			buildActionMask = 2147483647;
			files = (
			);
			runOnlyForDeploymentPostprocessing = 0;
		};
/* End PBXFrameworksBuildPhase section */

/* Begin PBXGroup section */
		50E5257628E7FBA100448557 = {
			isa = PBXGroup;
			children = (
				50E5258128E7FBA100448557 /* EffectiveCPP */,
				50E5258028E7FBA100448557 /* Products */,
			);
			sourceTree = "<group>";
		};
		50E5258028E7FBA100448557 /* Products */ = {
			isa = PBXGroup;
			children = (
				50E5257F28E7FBA100448557 /* EffectiveCPP */,
			);
			name = Products;
			sourceTree = "<group>";
		};
		50E5258128E7FBA100448557 /* EffectiveCPP */ = {
			isa = PBXGroup;
			children = (
				50E5258228E7FBA100448557 /* main.cpp */,
				50E5258928E7FBF400448557 /* Item2.cpp */,
				50E5258A28E7FBF400448557 /* Item2.hpp */,
				50E5258F28E8359300448557 /* Item3.cpp */,
				50E5259028E8359300448557 /* Item3.hpp */,
				50E5259228E877D200448557 /* Item4.cpp */,
				50E5259328E877D200448557 /* Item4.hpp */,
				50E5259528E8809600448557 /* Item5.cpp */,
				50E5259628E8809600448557 /* Item5.hpp */,
				50E5259828E8878C00448557 /* Item6.cpp */,
				50E5259928E8878C00448557 /* Item6.hpp */,
				50E5259B28E9757200448557 /* Item7.cpp */,
				50E5259C28E9757200448557 /* Item7.hpp */,
				50E5259E28E9792E00448557 /* Item8.cpp */,
				50E5259F28E9792E00448557 /* Item8.hpp */,
				50E525A128F0053700448557 /* Item9.cpp */,
				50E525A228F0053700448557 /* Item9.hpp */,
				50E525A428F0556600448557 /* Item10.cpp */,
				50E525A528F0556600448557 /* Item10.hpp */,
				50E525A728F057E700448557 /* Item11.cpp */,
				50E525A828F057E700448557 /* Item11.hpp */,
				50E525AA28F05D9100448557 /* Item12.cpp */,
				50E525AB28F05D9100448557 /* Item12.hpp */,
				50E525AD28F06AAC00448557 /* Item13.cpp */,
				50E525AE28F06AAC00448557 /* Item13.hpp */,
			);
			path = EffectiveCPP;
			sourceTree = "<group>";
		};
/* End PBXGroup section */

/* Begin PBXNativeTarget section */
		50E5257E28E7FBA100448557 /* EffectiveCPP */ = {
			isa = PBXNativeTarget;
			buildConfigurationList = 50E5258628E7FBA100448557 /* Build configuration list for PBXNativeTarget "EffectiveCPP" */;
			buildPhases = (
				50E5257B28E7FBA100448557 /* Sources */,
				50E5257C28E7FBA100448557 /* Frameworks */,
				50E5257D28E7FBA100448557 /* CopyFiles */,
			);
			buildRules = (
			);
			dependencies = (
			);
			name = EffectiveCPP;
			productName = EffectiveCPP;
			productReference = 50E5257F28E7FBA100448557 /* EffectiveCPP */;
			productType = "com.apple.product-type.tool";
		};
/* End PBXNativeTarget section */

/* Begin PBXProject section */
		50E5257728E7FBA100448557 /* Project object */ = {
			isa = PBXProject;
			attributes = {
				BuildIndependentTargetsInParallel = 1;
				LastUpgradeCheck = 1340;
				TargetAttributes = {
					50E5257E28E7FBA100448557 = {
						CreatedOnToolsVersion = 13.4.1;
					};
				};
			};
			buildConfigurationList = 50E5257A28E7FBA100448557 /* Build configuration list for PBXProject "EffectiveCPP" */;
			compatibilityVersion = "Xcode 13.0";
			developmentRegion = en;
			hasScannedForEncodings = 0;
			knownRegions = (
				en,
				Base,
			);
			mainGroup = 50E5257628E7FBA100448557;
			productRefGroup = 50E5258028E7FBA100448557 /* Products */;
			projectDirPath = "";
			projectRoot = "";
			targets = (
				50E5257E28E7FBA100448557 /* EffectiveCPP */,
			);
		};
/* End PBXProject section */

/* Begin PBXSourcesBuildPhase section */
		50E5257B28E7FBA100448557 /* Sources */ = {
			isa = PBXSourcesBuildPhase;
			buildActionMask = 2147483647;
			files = (
				50E5259D28E9757200448557 /* Item7.cpp in Sources */,
				50E525AC28F05D9100448557 /* Item12.cpp in Sources */,
				50E525A028E9792E00448557 /* Item8.cpp in Sources */,
				50E5259728E8809600448557 /* Item5.cpp in Sources */,
				50E5259128E8359300448557 /* Item3.cpp in Sources */,
				50E5259428E877D200448557 /* Item4.cpp in Sources */,
				50E525A628F0556600448557 /* Item10.cpp in Sources */,
				50E525AF28F06AAC00448557 /* Item13.cpp in Sources */,
				50E5259A28E8878C00448557 /* Item6.cpp in Sources */,
				50E525A328F0053700448557 /* Item9.cpp in Sources */,
				50E525A928F057E700448557 /* Item11.cpp in Sources */,
				50E5258328E7FBA100448557 /* main.cpp in Sources */,
				50E5258B28E7FBF400448557 /* Item2.cpp in Sources */,
			);
			runOnlyForDeploymentPostprocessing = 0;
		};
/* End PBXSourcesBuildPhase section */

/* Begin XCBuildConfiguration section */
		50E5258428E7FBA100448557 /* Debug */ = {
			isa = XCBuildConfiguration;
			buildSettings = {
				ALWAYS_SEARCH_USER_PATHS = NO;
				CLANG_ANALYZER_NONNULL = YES;
				CLANG_ANALYZER_NUMBER_OBJECT_CONVERSION = YES_AGGRESSIVE;
				CLANG_CXX_LANGUAGE_STANDARD = "gnu++17";
				CLANG_ENABLE_MODULES = YES;
				CLANG_ENABLE_OBJC_ARC = YES;
				CLANG_ENABLE_OBJC_WEAK = YES;
				CLANG_WARN_BLOCK_CAPTURE_AUTORELEASING = YES;
				CLANG_WARN_BOOL_CONVERSION = YES;
				CLANG_WARN_COMMA = YES;
				CLANG_WARN_CONSTANT_CONVERSION = YES;
				CLANG_WARN_DEPRECATED_OBJC_IMPLEMENTATIONS = YES;
				CLANG_WARN_DIRECT_OBJC_ISA_USAGE = YES_ERROR;
				CLANG_WARN_DOCUMENTATION_COMMENTS = YES;
				CLANG_WARN_EMPTY_BODY = YES;
				CLANG_WARN_ENUM_CONVERSION = YES;
				CLANG_WARN_INFINITE_RECURSION = YES;
				CLANG_WARN_INT_CONVERSION = YES;
				CLANG_WARN_NON_LITERAL_NULL_CONVERSION = YES;
				CLANG_WARN_OBJC_IMPLICIT_RETAIN_SELF = YES;
				CLANG_WARN_OBJC_LITERAL_CONVERSION = YES;
				CLANG_WARN_OBJC_ROOT_CLASS = YES_ERROR;
				CLANG_WARN_QUOTED_INCLUDE_IN_FRAMEWORK_HEADER = YES;
				CLANG_WARN_RANGE_LOOP_ANALYSIS = YES;
				CLANG_WARN_STRICT_PROTOTYPES = YES;
				CLANG_WARN_SUSPICIOUS_MOVE = YES;
				CLANG_WARN_UNGUARDED_AVAILABILITY = YES_AGGRESSIVE;
				CLANG_WARN_UNREACHABLE_CODE = YES;
				CLANG_WARN__DUPLICATE_METHOD_MATCH = YES;
				COPY_PHASE_STRIP = NO;
				DEBUG_INFORMATION_FORMAT = dwarf;
				ENABLE_STRICT_OBJC_MSGSEND = YES;
				ENABLE_TESTABILITY = YES;
				GCC_C_LANGUAGE_STANDARD = gnu11;
				GCC_DYNAMIC_NO_PIC = NO;
				GCC_NO_COMMON_BLOCKS = YES;
				GCC_OPTIMIZATION_LEVEL = 0;
				GCC_PREPROCESSOR_DEFINITIONS = (
					"DEBUG=1",
					"$(inherited)",
				);
				GCC_WARN_64_TO_32_BIT_CONVERSION = YES;
				GCC_WARN_ABOUT_RETURN_TYPE = YES_ERROR;
				GCC_WARN_UNDECLARED_SELECTOR = YES;
				GCC_WARN_UNINITIALIZED_AUTOS = YES_AGGRESSIVE;
				GCC_WARN_UNUSED_FUNCTION = YES;
				GCC_WARN_UNUSED_VARIABLE = YES;
				MACOSX_DEPLOYMENT_TARGET = 12.3;
				MTL_ENABLE_DEBUG_INFO = INCLUDE_SOURCE;
				MTL_FAST_MATH = YES;
				ONLY_ACTIVE_ARCH = YES;
				SDKROOT = macosx;
			};
			name = Debug;
		};
		50E5258528E7FBA100448557 /* Release */ = {
			isa = XCBuildConfiguration;
			buildSettings = {
				ALWAYS_SEARCH_USER_PATHS = NO;
				CLANG_ANALYZER_NONNULL = YES;
				CLANG_ANALYZER_NUMBER_OBJECT_CONVERSION = YES_AGGRESSIVE;
				CLANG_CXX_LANGUAGE_STANDARD = "gnu++17";
				CLANG_ENABLE_MODULES = YES;
				CLANG_ENABLE_OBJC_ARC = YES;
				CLANG_ENABLE_OBJC_WEAK = YES;
				CLANG_WARN_BLOCK_CAPTURE_AUTORELEASING = YES;
				CLANG_WARN_BOOL_CONVERSION = YES;
				CLANG_WARN_COMMA = YES;
				CLANG_WARN_CONSTANT_CONVERSION = YES;
				CLANG_WARN_DEPRECATED_OBJC_IMPLEMENTATIONS = YES;
				CLANG_WARN_DIRECT_OBJC_ISA_USAGE = YES_ERROR;
				CLANG_WARN_DOCUMENTATION_COMMENTS = YES;
				CLANG_WARN_EMPTY_BODY = YES;
				CLANG_WARN_ENUM_CONVERSION = YES;
				CLANG_WARN_INFINITE_RECURSION = YES;
				CLANG_WARN_INT_CONVERSION = YES;
				CLANG_WARN_NON_LITERAL_NULL_CONVERSION = YES;
				CLANG_WARN_OBJC_IMPLICIT_RETAIN_SELF = YES;
				CLANG_WARN_OBJC_LITERAL_CONVERSION = YES;
				CLANG_WARN_OBJC_ROOT_CLASS = YES_ERROR;
				CLANG_WARN_QUOTED_INCLUDE_IN_FRAMEWORK_HEADER = YES;
				CLANG_WARN_RANGE_LOOP_ANALYSIS = YES;
				CLANG_WARN_STRICT_PROTOTYPES = YES;
				CLANG_WARN_SUSPICIOUS_MOVE = YES;
				CLANG_WARN_UNGUARDED_AVAILABILITY = YES_AGGRESSIVE;
				CLANG_WARN_UNREACHABLE_CODE = YES;
				CLANG_WARN__DUPLICATE_METHOD_MATCH = YES;
				COPY_PHASE_STRIP = NO;
				DEBUG_INFORMATION_FORMAT = "dwarf-with-dsym";
				ENABLE_NS_ASSERTIONS = NO;
				ENABLE_STRICT_OBJC_MSGSEND = YES;
				GCC_C_LANGUAGE_STANDARD = gnu11;
				GCC_NO_COMMON_BLOCKS = YES;
				GCC_WARN_64_TO_32_BIT_CONVERSION = YES;
				GCC_WARN_ABOUT_RETURN_TYPE = YES_ERROR;
				GCC_WARN_UNDECLARED_SELECTOR = YES;
				GCC_WARN_UNINITIALIZED_AUTOS = YES_AGGRESSIVE;
				GCC_WARN_UNUSED_FUNCTION = YES;
				GCC_WARN_UNUSED_VARIABLE = YES;
				MACOSX_DEPLOYMENT_TARGET = 12.3;
				MTL_ENABLE_DEBUG_INFO = NO;
				MTL_FAST_MATH = YES;
				SDKROOT = macosx;
			};
			name = Release;
		};
		50E5258728E7FBA100448557 /* Debug */ = {
			isa = XCBuildConfiguration;
			buildSettings = {
				CODE_SIGN_STYLE = Automatic;
				PRODUCT_NAME = "$(TARGET_NAME)";
			};
			name = Debug;
		};
		50E5258828E7FBA100448557 /* Release */ = {
			isa = XCBuildConfiguration;
			buildSettings = {
				CODE_SIGN_STYLE = Automatic;
				PRODUCT_NAME = "$(TARGET_NAME)";
			};
			name = Release;
		};
/* End XCBuildConfiguration section */

/* Begin XCConfigurationList section */
		50E5257A28E7FBA100448557 /* Build configuration list for PBXProject "EffectiveCPP" */ = {
			isa = XCConfigurationList;
			buildConfigurations = (
				50E5258428E7FBA100448557 /* Debug */,
				50E5258528E7FBA100448557 /* Release */,
			);
			defaultConfigurationIsVisible = 0;
			defaultConfigurationName = Release;
		};
		50E5258628E7FBA100448557 /* Build configuration list for PBXNativeTarget "EffectiveCPP" */ = {
			isa = XCConfigurationList;
			buildConfigurations = (
				50E5258728E7FBA100448557 /* Debug */,
				50E5258828E7FBA100448557 /* Release */,
			);
			defaultConfigurationIsVisible = 0;
			defaultConfigurationName = Release;
		};
/* End XCConfigurationList section */
	};
	rootObject = 50E5257728E7FBA100448557 /* Project object */;
}
